
Microsoft Visual Studio Solution File, Format Version 12.00
Project("{FAE04EC0-301F-11D3-BF4B-00C04F79EFBC}") = "GraphLabs.Backend", "GraphLabs.Backend\GraphLabs.Backend.csproj", "{CE0B4E57-9EAA-4853-8E3D-7C4E3656DD40}"
EndProject
Global
	GlobalSection(SolutionConfigurationPlatforms) = preSolution
		Debug|Any CPU = Debug|Any CPU
		Release|Any CPU = Release|Any CPU
	EndGlobalSection
	GlobalSection(ProjectConfigurationPlatforms) = postSolution
		{CE0B4E57-9EAA-4853-8E3D-7C4E3656DD40}.Debug|Any CPU.ActiveCfg = Debug|Any CPU
		{CE0B4E57-9EAA-4853-8E3D-7C4E3656DD40}.Debug|Any CPU.Build.0 = Debug|Any CPU
		{CE0B4E57-9EAA-4853-8E3D-7C4E3656DD40}.Release|Any CPU.ActiveCfg = Release|Any CPU
		{CE0B4E57-9EAA-4853-8E3D-7C4E3656DD40}.Release|Any CPU.Build.0 = Release|Any CPU
	EndGlobalSection
EndGlobal
